
Microsoft Visual Studio Solution File, Format Version 12.00
# Visual Studio Version 17
VisualStudioVersion = 17.12.35514.174
MinimumVisualStudioVersion = 10.0.40219.1
Project("{FAE04EC0-301F-11D3-BF4B-00C04F79EFBC}") = "Outsider.DTO", "Outsider.DTO\Outsider.DTO.csproj", "{BCACAAE9-F266-436B-9DB5-B9AAB6574E5B}"
EndProject
Project("{FAE04EC0-301F-11D3-BF4B-00C04F79EFBC}") = "Outsider.AvaliacaoAPI", "Outsider.AvaliacaoAPI\Outsider.AvaliacaoAPI.csproj", "{D14EEB3F-2F2B-4F0C-8560-168CC6CA23B5}"
EndProject
Project("{FAE04EC0-301F-11D3-BF4B-00C04F79EFBC}") = "Outsider.TabelaGeralAPI", "Outsider.TabelaGeralAPI\Outsider.TabelaGeralAPI.csproj", "{9BA27D0B-3D4F-492E-9C5D-C678598D44A0}"
EndProject
Project("{FAE04EC0-301F-11D3-BF4B-00C04F79EFBC}") = "Outsider.PagamentoAPI", "Outsider.PagamentoAPI\Outsider.PagamentoAPI.csproj", "{961E135E-6551-4071-BCA5-A97E7921EA68}"
EndProject
Project("{FAE04EC0-301F-11D3-BF4B-00C04F79EFBC}") = "Outsider.EnderecoAPI", "Outsider.EnderecoAPI\Outsider.EnderecoAPI.csproj", "{46C9AA6F-F4D7-4C86-972A-A9DD4838CE4C}"
EndProject
Project("{FAE04EC0-301F-11D3-BF4B-00C04F79EFBC}") = "Outsider.CarrinhoAPI", "Outsider.CarrinhoAPI\Outsider.CarrinhoAPI.csproj", "{4ACBFC5C-E0C4-4BFF-AB86-A5BE85C2D32A}"
EndProject
Project("{FAE04EC0-301F-11D3-BF4B-00C04F79EFBC}") = "Outsider.IdentityServer", "Outsider.IdentityServer\Outsider.IdentityServer.csproj", "{D39811ED-9A81-4412-B683-972710AFF070}"
EndProject
Project("{FAE04EC0-301F-11D3-BF4B-00C04F79EFBC}") = "Outsider.CupomAPI", "Outsider.CupomAPI\Outsider.CupomAPI.csproj", "{B02D9E3F-11AE-4433-AAE2-18DBD03E1D94}"
EndProject
Project("{2150E333-8FDC-42A3-9474-1A3956D46DE8}") = "Integration", "Integration", "{5B6AD5FA-15A4-4905-BE17-D1B72FBAF9B8}"
EndProject
Project("{2150E333-8FDC-42A3-9474-1A3956D46DE8}") = "Services", "Services", "{14F0E3E8-204D-4BD4-A454-A112A4FA2964}"
EndProject
Project("{FAE04EC0-301F-11D3-BF4B-00C04F79EFBC}") = "Outsider.MessageBus", "Outsider.MessageBus\Outsider.MessageBus.csproj", "{D63B0C52-08BD-42FE-AC16-509B1203D266}"
EndProject
Project("{FAE04EC0-301F-11D3-BF4B-00C04F79EFBC}") = "Outsider.PedidoAPI", "Outsider.PedidoAPI\Outsider.PedidoAPI.csproj", "{B870599A-8124-4372-A7B4-88A993364F7E}"
EndProject
Project("{2150E333-8FDC-42A3-9474-1A3956D46DE8}") = "Pagamentos", "Pagamentos", "{498CB8C0-3DB2-4E3C-AD3D-A4829F4C3AB4}"
EndProject
Project("{FAE04EC0-301F-11D3-BF4B-00C04F79EFBC}") = "Outsider.Pagamentos", "Outsider.Pagamentos\Outsider.Pagamentos.csproj", "{65658BDC-7FBB-48F5-8BF8-EB98E6D84FAB}"
EndProject
Project("{FAE04EC0-301F-11D3-BF4B-00C04F79EFBC}") = "Outsider.DataNoSQL", "DataNoSQL\Outsider.DataNoSQL.csproj", "{D8375ED5-8568-41DD-9449-CAFC88E7BFC0}"
EndProject
Project("{FAE04EC0-301F-11D3-BF4B-00C04F79EFBC}") = "Outsider.Email", "Outsider.Email\Outsider.Email.csproj", "{3EABFC2F-6DDC-4695-92FD-ABEA060A97A9}"
EndProject
Project("{2150E333-8FDC-42A3-9474-1A3956D46DE8}") = "Gateway", "Gateway", "{463850A3-99FF-4CF1-B059-0F98CCC89A9A}"
EndProject
Project("{FAE04EC0-301F-11D3-BF4B-00C04F79EFBC}") = "Outsider.APIGateway", "Outsider.APIGateway\Outsider.APIGateway.csproj", "{09951859-F073-44D5-93BE-9ADEF042FD82}"
EndProject
Project("{FAE04EC0-301F-11D3-BF4B-00C04F79EFBC}") = "Outsider.ProdutoAPI", "Outsider.ProdutoAPI\Outsider.ProdutoAPI.csproj", "{C9F3427C-17C9-4D5D-856F-CE8E8B948CF4}"
EndProject
Global
	GlobalSection(SolutionConfigurationPlatforms) = preSolution
		Debug|Any CPU = Debug|Any CPU
		Release|Any CPU = Release|Any CPU
	EndGlobalSection
	GlobalSection(ProjectConfigurationPlatforms) = postSolution
		{BCACAAE9-F266-436B-9DB5-B9AAB6574E5B}.Debug|Any CPU.ActiveCfg = Debug|Any CPU
		{BCACAAE9-F266-436B-9DB5-B9AAB6574E5B}.Debug|Any CPU.Build.0 = Debug|Any CPU
		{BCACAAE9-F266-436B-9DB5-B9AAB6574E5B}.Release|Any CPU.ActiveCfg = Release|Any CPU
		{BCACAAE9-F266-436B-9DB5-B9AAB6574E5B}.Release|Any CPU.Build.0 = Release|Any CPU
		{D14EEB3F-2F2B-4F0C-8560-168CC6CA23B5}.Debug|Any CPU.ActiveCfg = Debug|Any CPU
		{D14EEB3F-2F2B-4F0C-8560-168CC6CA23B5}.Debug|Any CPU.Build.0 = Debug|Any CPU
		{D14EEB3F-2F2B-4F0C-8560-168CC6CA23B5}.Release|Any CPU.ActiveCfg = Release|Any CPU
		{D14EEB3F-2F2B-4F0C-8560-168CC6CA23B5}.Release|Any CPU.Build.0 = Release|Any CPU
		{9BA27D0B-3D4F-492E-9C5D-C678598D44A0}.Debug|Any CPU.ActiveCfg = Debug|Any CPU
		{9BA27D0B-3D4F-492E-9C5D-C678598D44A0}.Debug|Any CPU.Build.0 = Debug|Any CPU
		{9BA27D0B-3D4F-492E-9C5D-C678598D44A0}.Release|Any CPU.ActiveCfg = Release|Any CPU
		{9BA27D0B-3D4F-492E-9C5D-C678598D44A0}.Release|Any CPU.Build.0 = Release|Any CPU
		{961E135E-6551-4071-BCA5-A97E7921EA68}.Debug|Any CPU.ActiveCfg = Debug|Any CPU
		{961E135E-6551-4071-BCA5-A97E7921EA68}.Debug|Any CPU.Build.0 = Debug|Any CPU
		{961E135E-6551-4071-BCA5-A97E7921EA68}.Release|Any CPU.ActiveCfg = Release|Any CPU
		{961E135E-6551-4071-BCA5-A97E7921EA68}.Release|Any CPU.Build.0 = Release|Any CPU
		{46C9AA6F-F4D7-4C86-972A-A9DD4838CE4C}.Debug|Any CPU.ActiveCfg = Debug|Any CPU
		{46C9AA6F-F4D7-4C86-972A-A9DD4838CE4C}.Debug|Any CPU.Build.0 = Debug|Any CPU
		{46C9AA6F-F4D7-4C86-972A-A9DD4838CE4C}.Release|Any CPU.ActiveCfg = Release|Any CPU
		{46C9AA6F-F4D7-4C86-972A-A9DD4838CE4C}.Release|Any CPU.Build.0 = Release|Any CPU
		{4ACBFC5C-E0C4-4BFF-AB86-A5BE85C2D32A}.Debug|Any CPU.ActiveCfg = Debug|Any CPU
		{4ACBFC5C-E0C4-4BFF-AB86-A5BE85C2D32A}.Debug|Any CPU.Build.0 = Debug|Any CPU
		{4ACBFC5C-E0C4-4BFF-AB86-A5BE85C2D32A}.Release|Any CPU.ActiveCfg = Release|Any CPU
		{4ACBFC5C-E0C4-4BFF-AB86-A5BE85C2D32A}.Release|Any CPU.Build.0 = Release|Any CPU
		{D39811ED-9A81-4412-B683-972710AFF070}.Debug|Any CPU.ActiveCfg = Debug|Any CPU
		{D39811ED-9A81-4412-B683-972710AFF070}.Debug|Any CPU.Build.0 = Debug|Any CPU
		{D39811ED-9A81-4412-B683-972710AFF070}.Release|Any CPU.ActiveCfg = Release|Any CPU
		{D39811ED-9A81-4412-B683-972710AFF070}.Release|Any CPU.Build.0 = Release|Any CPU
		{B02D9E3F-11AE-4433-AAE2-18DBD03E1D94}.Debug|Any CPU.ActiveCfg = Debug|Any CPU
		{B02D9E3F-11AE-4433-AAE2-18DBD03E1D94}.Debug|Any CPU.Build.0 = Debug|Any CPU
		{B02D9E3F-11AE-4433-AAE2-18DBD03E1D94}.Release|Any CPU.ActiveCfg = Release|Any CPU
		{B02D9E3F-11AE-4433-AAE2-18DBD03E1D94}.Release|Any CPU.Build.0 = Release|Any CPU
		{D63B0C52-08BD-42FE-AC16-509B1203D266}.Debug|Any CPU.ActiveCfg = Debug|Any CPU
		{D63B0C52-08BD-42FE-AC16-509B1203D266}.Debug|Any CPU.Build.0 = Debug|Any CPU
		{D63B0C52-08BD-42FE-AC16-509B1203D266}.Release|Any CPU.ActiveCfg = Release|Any CPU
		{D63B0C52-08BD-42FE-AC16-509B1203D266}.Release|Any CPU.Build.0 = Release|Any CPU
		{B870599A-8124-4372-A7B4-88A993364F7E}.Debug|Any CPU.ActiveCfg = Debug|Any CPU
		{B870599A-8124-4372-A7B4-88A993364F7E}.Debug|Any CPU.Build.0 = Debug|Any CPU
		{B870599A-8124-4372-A7B4-88A993364F7E}.Release|Any CPU.ActiveCfg = Release|Any CPU
		{B870599A-8124-4372-A7B4-88A993364F7E}.Release|Any CPU.Build.0 = Release|Any CPU
		{65658BDC-7FBB-48F5-8BF8-EB98E6D84FAB}.Debug|Any CPU.ActiveCfg = Debug|Any CPU
		{65658BDC-7FBB-48F5-8BF8-EB98E6D84FAB}.Debug|Any CPU.Build.0 = Debug|Any CPU
		{65658BDC-7FBB-48F5-8BF8-EB98E6D84FAB}.Release|Any CPU.ActiveCfg = Release|Any CPU
		{65658BDC-7FBB-48F5-8BF8-EB98E6D84FAB}.Release|Any CPU.Build.0 = Release|Any CPU
		{D8375ED5-8568-41DD-9449-CAFC88E7BFC0}.Debug|Any CPU.ActiveCfg = Debug|Any CPU
		{D8375ED5-8568-41DD-9449-CAFC88E7BFC0}.Debug|Any CPU.Build.0 = Debug|Any CPU
		{D8375ED5-8568-41DD-9449-CAFC88E7BFC0}.Release|Any CPU.ActiveCfg = Release|Any CPU
		{D8375ED5-8568-41DD-9449-CAFC88E7BFC0}.Release|Any CPU.Build.0 = Release|Any CPU
		{3EABFC2F-6DDC-4695-92FD-ABEA060A97A9}.Debug|Any CPU.ActiveCfg = Debug|Any CPU
		{3EABFC2F-6DDC-4695-92FD-ABEA060A97A9}.Debug|Any CPU.Build.0 = Debug|Any CPU
		{3EABFC2F-6DDC-4695-92FD-ABEA060A97A9}.Release|Any CPU.ActiveCfg = Release|Any CPU
		{3EABFC2F-6DDC-4695-92FD-ABEA060A97A9}.Release|Any CPU.Build.0 = Release|Any CPU
		{09951859-F073-44D5-93BE-9ADEF042FD82}.Debug|Any CPU.ActiveCfg = Debug|Any CPU
		{09951859-F073-44D5-93BE-9ADEF042FD82}.Debug|Any CPU.Build.0 = Debug|Any CPU
		{09951859-F073-44D5-93BE-9ADEF042FD82}.Release|Any CPU.ActiveCfg = Release|Any CPU
		{09951859-F073-44D5-93BE-9ADEF042FD82}.Release|Any CPU.Build.0 = Release|Any CPU
		{C9F3427C-17C9-4D5D-856F-CE8E8B948CF4}.Debug|Any CPU.ActiveCfg = Debug|Any CPU
		{C9F3427C-17C9-4D5D-856F-CE8E8B948CF4}.Debug|Any CPU.Build.0 = Debug|Any CPU
		{C9F3427C-17C9-4D5D-856F-CE8E8B948CF4}.Release|Any CPU.ActiveCfg = Release|Any CPU
		{C9F3427C-17C9-4D5D-856F-CE8E8B948CF4}.Release|Any CPU.Build.0 = Release|Any CPU
	EndGlobalSection
	GlobalSection(SolutionProperties) = preSolution
		HideSolutionNode = FALSE
	EndGlobalSection
	GlobalSection(NestedProjects) = preSolution
		{D14EEB3F-2F2B-4F0C-8560-168CC6CA23B5} = {14F0E3E8-204D-4BD4-A454-A112A4FA2964}
		{9BA27D0B-3D4F-492E-9C5D-C678598D44A0} = {14F0E3E8-204D-4BD4-A454-A112A4FA2964}
		{961E135E-6551-4071-BCA5-A97E7921EA68} = {14F0E3E8-204D-4BD4-A454-A112A4FA2964}
		{46C9AA6F-F4D7-4C86-972A-A9DD4838CE4C} = {14F0E3E8-204D-4BD4-A454-A112A4FA2964}
		{4ACBFC5C-E0C4-4BFF-AB86-A5BE85C2D32A} = {14F0E3E8-204D-4BD4-A454-A112A4FA2964}
		{D39811ED-9A81-4412-B683-972710AFF070} = {14F0E3E8-204D-4BD4-A454-A112A4FA2964}
		{B02D9E3F-11AE-4433-AAE2-18DBD03E1D94} = {14F0E3E8-204D-4BD4-A454-A112A4FA2964}
		{D63B0C52-08BD-42FE-AC16-509B1203D266} = {5B6AD5FA-15A4-4905-BE17-D1B72FBAF9B8}
		{B870599A-8124-4372-A7B4-88A993364F7E} = {14F0E3E8-204D-4BD4-A454-A112A4FA2964}
		{65658BDC-7FBB-48F5-8BF8-EB98E6D84FAB} = {498CB8C0-3DB2-4E3C-AD3D-A4829F4C3AB4}
		{3EABFC2F-6DDC-4695-92FD-ABEA060A97A9} = {14F0E3E8-204D-4BD4-A454-A112A4FA2964}
		{09951859-F073-44D5-93BE-9ADEF042FD82} = {463850A3-99FF-4CF1-B059-0F98CCC89A9A}
		{C9F3427C-17C9-4D5D-856F-CE8E8B948CF4} = {14F0E3E8-204D-4BD4-A454-A112A4FA2964}
	EndGlobalSection
EndGlobal
